
Microsoft Visual Studio Solution File, Format Version 12.00
# Visual Studio 15
VisualStudioVersion = 15.0.26403.3
MinimumVisualStudioVersion = 10.0.40219.1
Project("{FAE04EC0-301F-11D3-BF4B-00C04F79EFBC}") = "Engine", "Engine\Engine.csproj", "{3F63E725-4A13-411C-A5D1-A972CFC28DE2}"
EndProject
Project("{FAE04EC0-301F-11D3-BF4B-00C04F79EFBC}") = "Engine.Test", "Engine.Test\Engine.Test.csproj", "{9666D816-7DAD-452F-A33A-CB793EC8D0EF}"
EndProject
Project("{FAE04EC0-301F-11D3-BF4B-00C04F79EFBC}") = "AI", "AI\AI.csproj", "{F3EF3599-33F2-46B8-9A95-E290BAA7248B}"
EndProject
Project("{FAE04EC0-301F-11D3-BF4B-00C04F79EFBC}") = "Yavalath", "Yavalath\Yavalath.csproj", "{C1D9DD7C-7829-4B09-A81A-BB277DAE9A98}"
EndProject
Global
	GlobalSection(SolutionConfigurationPlatforms) = preSolution
		Debug|Any CPU = Debug|Any CPU
		Release|Any CPU = Release|Any CPU
	EndGlobalSection
	GlobalSection(ProjectConfigurationPlatforms) = postSolution
		{3F63E725-4A13-411C-A5D1-A972CFC28DE2}.Debug|Any CPU.ActiveCfg = Debug|Any CPU
		{3F63E725-4A13-411C-A5D1-A972CFC28DE2}.Debug|Any CPU.Build.0 = Debug|Any CPU
		{3F63E725-4A13-411C-A5D1-A972CFC28DE2}.Release|Any CPU.ActiveCfg = Release|Any CPU
		{3F63E725-4A13-411C-A5D1-A972CFC28DE2}.Release|Any CPU.Build.0 = Release|Any CPU
		{9666D816-7DAD-452F-A33A-CB793EC8D0EF}.Debug|Any CPU.ActiveCfg = Debug|Any CPU
		{9666D816-7DAD-452F-A33A-CB793EC8D0EF}.Debug|Any CPU.Build.0 = Debug|Any CPU
		{9666D816-7DAD-452F-A33A-CB793EC8D0EF}.Release|Any CPU.ActiveCfg = Release|Any CPU
		{9666D816-7DAD-452F-A33A-CB793EC8D0EF}.Release|Any CPU.Build.0 = Release|Any CPU
		{F3EF3599-33F2-46B8-9A95-E290BAA7248B}.Debug|Any CPU.ActiveCfg = Debug|Any CPU
		{F3EF3599-33F2-46B8-9A95-E290BAA7248B}.Debug|Any CPU.Build.0 = Debug|Any CPU
		{F3EF3599-33F2-46B8-9A95-E290BAA7248B}.Release|Any CPU.ActiveCfg = Release|Any CPU
		{F3EF3599-33F2-46B8-9A95-E290BAA7248B}.Release|Any CPU.Build.0 = Release|Any CPU
		{C1D9DD7C-7829-4B09-A81A-BB277DAE9A98}.Debug|Any CPU.ActiveCfg = Debug|Any CPU
		{C1D9DD7C-7829-4B09-A81A-BB277DAE9A98}.Debug|Any CPU.Build.0 = Debug|Any CPU
		{C1D9DD7C-7829-4B09-A81A-BB277DAE9A98}.Release|Any CPU.ActiveCfg = Release|Any CPU
		{C1D9DD7C-7829-4B09-A81A-BB277DAE9A98}.Release|Any CPU.Build.0 = Release|Any CPU
	EndGlobalSection
	GlobalSection(SolutionProperties) = preSolution
		HideSolutionNode = FALSE
	EndGlobalSection
	GlobalSection(ExtensibilityGlobals) = postSolution
		SolutionGuid = {F45F407C-D92E-4006-8E12-6E1F1C3FAA76}
	EndGlobalSection
EndGlobal
